
Microsoft Visual Studio Solution File, Format Version 12.00
# Visual Studio Version 17
VisualStudioVersion = 17.0.32014.148
MinimumVisualStudioVersion = 10.0.40219.1
Project("{FAE04EC0-301F-11D3-BF4B-00C04F79EFBC}") = "Dict_List-HW", "Dict_List-HW\Dict_List-HW.csproj", "{7BA0857A-DDBE-4337-9F23-9CD247595CBC}"
EndProject
Global
	GlobalSection(SolutionConfigurationPlatforms) = preSolution
		Debug|Any CPU = Debug|Any CPU
		Release|Any CPU = Release|Any CPU
	EndGlobalSection
	GlobalSection(ProjectConfigurationPlatforms) = postSolution
		{7BA0857A-DDBE-4337-9F23-9CD247595CBC}.Debug|Any CPU.ActiveCfg = Debug|Any CPU
		{7BA0857A-DDBE-4337-9F23-9CD247595CBC}.Debug|Any CPU.Build.0 = Debug|Any CPU
		{7BA0857A-DDBE-4337-9F23-9CD247595CBC}.Release|Any CPU.ActiveCfg = Release|Any CPU
		{7BA0857A-DDBE-4337-9F23-9CD247595CBC}.Release|Any CPU.Build.0 = Release|Any CPU
	EndGlobalSection
	GlobalSection(SolutionProperties) = preSolution
		HideSolutionNode = FALSE
	EndGlobalSection
	GlobalSection(ExtensibilityGlobals) = postSolution
		SolutionGuid = {436BA998-44A0-4F49-9C35-56D7EA8B6289}
	EndGlobalSection
EndGlobal
