
Microsoft Visual Studio Solution File, Format Version 12.00
# Visual Studio Version 17
VisualStudioVersion = 17.0.32014.148
MinimumVisualStudioVersion = 10.0.40219.1
Project("{FAE04EC0-301F-11D3-BF4B-00C04F79EFBC}") = "Generics-HW", "Generics-HW\Generics-HW.csproj", "{1FCC403B-3971-495F-8E75-AE5B5AF3989D}"
EndProject
Global
	GlobalSection(SolutionConfigurationPlatforms) = preSolution
		Debug|Any CPU = Debug|Any CPU
		Release|Any CPU = Release|Any CPU
	EndGlobalSection
	GlobalSection(ProjectConfigurationPlatforms) = postSolution
		{1FCC403B-3971-495F-8E75-AE5B5AF3989D}.Debug|Any CPU.ActiveCfg = Debug|Any CPU
		{1FCC403B-3971-495F-8E75-AE5B5AF3989D}.Debug|Any CPU.Build.0 = Debug|Any CPU
		{1FCC403B-3971-495F-8E75-AE5B5AF3989D}.Release|Any CPU.ActiveCfg = Release|Any CPU
		{1FCC403B-3971-495F-8E75-AE5B5AF3989D}.Release|Any CPU.Build.0 = Release|Any CPU
	EndGlobalSection
	GlobalSection(SolutionProperties) = preSolution
		HideSolutionNode = FALSE
	EndGlobalSection
	GlobalSection(ExtensibilityGlobals) = postSolution
		SolutionGuid = {DF73B0EE-737C-4AA9-8536-3EE4EE48F723}
	EndGlobalSection
EndGlobal
