
Microsoft Visual Studio Solution File, Format Version 12.00
# Visual Studio Version 17
VisualStudioVersion = 17.0.32014.148
MinimumVisualStudioVersion = 10.0.40219.1
Project("{FAE04EC0-301F-11D3-BF4B-00C04F79EFBC}") = "OOP_Ex", "OOP_Ex\OOP_Ex.csproj", "{65B99C8F-270D-4BF3-BAF0-7319B04A16BE}"
EndProject
Global
	GlobalSection(SolutionConfigurationPlatforms) = preSolution
		Debug|Any CPU = Debug|Any CPU
		Release|Any CPU = Release|Any CPU
	EndGlobalSection
	GlobalSection(ProjectConfigurationPlatforms) = postSolution
		{65B99C8F-270D-4BF3-BAF0-7319B04A16BE}.Debug|Any CPU.ActiveCfg = Debug|Any CPU
		{65B99C8F-270D-4BF3-BAF0-7319B04A16BE}.Debug|Any CPU.Build.0 = Debug|Any CPU
		{65B99C8F-270D-4BF3-BAF0-7319B04A16BE}.Release|Any CPU.ActiveCfg = Release|Any CPU
		{65B99C8F-270D-4BF3-BAF0-7319B04A16BE}.Release|Any CPU.Build.0 = Release|Any CPU
	EndGlobalSection
	GlobalSection(SolutionProperties) = preSolution
		HideSolutionNode = FALSE
	EndGlobalSection
	GlobalSection(ExtensibilityGlobals) = postSolution
		SolutionGuid = {A5048407-74C6-4049-AA6D-C00C03546A42}
	EndGlobalSection
EndGlobal
